[root]
name = "spheretracer"
version = "0.0.1"
dependencies = [
 "bmp 0.0.2 (git+https://github.com/sondrele/rust-bmp.git)",
 "gl 0.0.1 (git+https://github.com/bjz/gl-rs)",
 "glfw 0.0.1 (git+https://github.com/bjz/glfw-rs)",
]

[[package]]
name = "bmp"
version = "0.0.2"
source = "git+https://github.com/sondrele/rust-bmp.git#4d942d3e8652fc28776759988a475eee84115d9f"

[[package]]
name = "gl"
version = "0.0.1"
source = "git+https://github.com/bjz/gl-rs#80f05daf2f190e950e162e307feccbae489f07a9"
dependencies = [
 "gl_generator 0.0.1 (git+https://github.com/bjz/gl-rs)",
]

[[package]]
name = "gl_common"
version = "0.0.1"
source = "git+https://github.com/bjz/gl-rs#80f05daf2f190e950e162e307feccbae489f07a9"

[[package]]
name = "gl_generator"
version = "0.0.1"
source = "git+https://github.com/bjz/gl-rs#80f05daf2f190e950e162e307feccbae489f07a9"
dependencies = [
 "gl_common 0.0.1 (git+https://github.com/bjz/gl-rs)",
 "khronos_api 0.0.2 (git+https://github.com/bjz/gl-rs)",
 "xml-rs 0.1.2 (git+https://github.com/netvl/xml-rs)",
]

[[package]]
name = "glfw"
version = "0.0.1"
source = "git+https://github.com/bjz/glfw-rs#e9d64f066d89e415d77046731c069df382b8ddd4"
dependencies = [
 "semver 0.1.3 (git+https://github.com/rust-lang/semver)",
]

[[package]]
name = "khronos_api"
version = "0.0.2"
source = "git+https://github.com/bjz/gl-rs#80f05daf2f190e950e162e307feccbae489f07a9"

[[package]]
name = "semver"
version = "0.1.3"
source = "git+https://github.com/rust-lang/semver#3a1efc309af4128a1ff3472b18af7c256a104ce6"

[[package]]
name = "xml-rs"
version = "0.1.2"
source = "git+https://github.com/netvl/xml-rs#c122bb0b75706e4de571fa4257011f7bbad8bd5f"

